
Microsoft Visual Studio Solution File, Format Version 12.00
# Visual Studio Version 17
VisualStudioVersion = 17.10.35027.167
MinimumVisualStudioVersion = 10.0.40219.1
Project("{FAE04EC0-301F-11D3-BF4B-00C04F79EFBC}") = "RestaurantAPI", "RestaurantAPI\RestaurantAPI.csproj", "{7B6DE31A-9723-433E-AEB9-26EDF85115B9}"
EndProject
Global
	GlobalSection(SolutionConfigurationPlatforms) = preSolution
		Debug|Any CPU = Debug|Any CPU
		Release|Any CPU = Release|Any CPU
	EndGlobalSection
	GlobalSection(ProjectConfigurationPlatforms) = postSolution
		{7B6DE31A-9723-433E-AEB9-26EDF85115B9}.Debug|Any CPU.ActiveCfg = Debug|Any CPU
		{7B6DE31A-9723-433E-AEB9-26EDF85115B9}.Debug|Any CPU.Build.0 = Debug|Any CPU
		{7B6DE31A-9723-433E-AEB9-26EDF85115B9}.Release|Any CPU.ActiveCfg = Release|Any CPU
		{7B6DE31A-9723-433E-AEB9-26EDF85115B9}.Release|Any CPU.Build.0 = Release|Any CPU
	EndGlobalSection
	GlobalSection(SolutionProperties) = preSolution
		HideSolutionNode = FALSE
	EndGlobalSection
	GlobalSection(ExtensibilityGlobals) = postSolution
		SolutionGuid = {7369F6B7-0964-443B-9F2E-61BDE67D24EA}
	EndGlobalSection
EndGlobal
